{
  "name": "@hexlet/code",
  "version": "1.0.0",
  "lockfileVersion": 3,
  "requires": true,
  "packages": {
    "": {
      "name": "@hexlet/code",
      "version": "1.0.0",
      "license": "ISC",
      "dependencies": {
        "project": "^0.1.6",
        "readline-sync": "^1.4.10"
      },
      "bin": {
        "brain-games": "bin/brain-games.js"
      }
    },
    "node_modules/project": {
      "version": "0.1.6",
      "resolved": "https://registry.npmjs.org/project/-/project-0.1.6.tgz",
      "integrity": "sha512-FwZWeyXMzcyCqd5tYFK/EAbpMfVwZPHpFPvPPyxdJnVu6viLzHehUMX4cTimm/oswMSdnVqY2a1naNM5jBF9qg==",
      "license": "MIT",
      "bin": {
        "project": "bin/project" ,
        "brain-games": "bin/brain-games.js",
        "brain-even": "bin/brain-even.js"
      },
      "engines": {
        "node": "*"
      }
    },
    "node_modules/readline-sync": {
      "version": "1.4.10",
      "resolved": "https://registry.npmjs.org/readline-sync/-/readline-sync-1.4.10.tgz",
      "integrity": "sha512-gNva8/6UAe8QYepIQH/jQ2qn91Qj0B9sYjMBBs3QOB8F2CXcKgLxQaJRP76sWVRQt+QU+8fAkCbCvjjMFu7Ycw==",
      "license": "MIT",
      "engines": {
        "node": ">= 0.8.0"
      }
    }
  }
}
